
Microsoft Visual Studio Solution File, Format Version 12.00
# Visual Studio 2013
VisualStudioVersion = 12.0.21005.1
MinimumVisualStudioVersion = 10.0.40219.1
Project("{8BC9CEB8-8B4A-11D0-8D11-00A0C91BC942}") = "test0716", "test0716\test0716.vcxproj", "{22140988-9A7F-4116-BC6B-BCF8B6D5E9B6}"
EndProject
Global
	GlobalSection(SolutionConfigurationPlatforms) = preSolution
		Debug|Win32 = Debug|Win32
		Release|Win32 = Release|Win32
	EndGlobalSection
	GlobalSection(ProjectConfigurationPlatforms) = postSolution
		{22140988-9A7F-4116-BC6B-BCF8B6D5E9B6}.Debug|Win32.ActiveCfg = Debug|Win32
		{22140988-9A7F-4116-BC6B-BCF8B6D5E9B6}.Debug|Win32.Build.0 = Debug|Win32
		{22140988-9A7F-4116-BC6B-BCF8B6D5E9B6}.Release|Win32.ActiveCfg = Release|Win32
		{22140988-9A7F-4116-BC6B-BCF8B6D5E9B6}.Release|Win32.Build.0 = Release|Win32
	EndGlobalSection
	GlobalSection(SolutionProperties) = preSolution
		HideSolutionNode = FALSE
	EndGlobalSection
EndGlobal
